
Microsoft Visual Studio Solution File, Format Version 12.00
Project("{2150E333-8FDC-42A3-9474-1A3956D46DE8}") = "src", "src", "{DCE20467-1952-4C22-B2A4-4A1145AF5B89}"
EndProject
Project("{2150E333-8FDC-42A3-9474-1A3956D46DE8}") = "tests", "tests", "{7D70D635-7644-447C-A7FB-58293833BB8C}"
EndProject
Project("{FAE04EC0-301F-11D3-BF4B-00C04F79EFBC}") = "MLib3.AspDotNet.ApiKeys.Abstractions", "src\MLib3.AspDotNet.ApiKeys.Abstractions\MLib3.AspDotNet.ApiKeys.Abstractions.csproj", "{FC79F919-ACE3-4D14-BEE4-2D95F6499915}"
EndProject
Project("{FAE04EC0-301F-11D3-BF4B-00C04F79EFBC}") = "MLib3.AspDotNet.ApiKeys", "src\MLib3.AspDotNet.ApiKeys\MLib3.AspDotNet.ApiKeys.csproj", "{665A3031-0235-4974-A2EA-64B832317D78}"
EndProject
Project("{FAE04EC0-301F-11D3-BF4B-00C04F79EFBC}") = "MLib3.AspDotNet.ApiKeys.UnitTests", "tests\MLib3.AspDotNet.ApiKeys.UnitTests\MLib3.AspDotNet.ApiKeys.UnitTests.csproj", "{ACD2EBA1-6818-41FA-8FE1-4865D7559BB0}"
EndProject
Project("{FAE04EC0-301F-11D3-BF4B-00C04F79EFBC}") = "MLib3.Communication.MessageBroker.Abstractions", "src\MLib3.Communication.MessageBroker.Abstractions\MLib3.Communication.MessageBroker.Abstractions.csproj", "{A2EF698A-20DE-4DC0-8C07-D5E261B031F9}"
EndProject
Project("{FAE04EC0-301F-11D3-BF4B-00C04F79EFBC}") = "MLib3.Communication.MessageBroker", "src\MLib3.Communication.MessageBroker\MLib3.Communication.MessageBroker.csproj", "{A0557931-2930-4E36-BC70-667BF7D7EB85}"
EndProject
Project("{FAE04EC0-301F-11D3-BF4B-00C04F79EFBC}") = "MLib3.Communication.MessageBroker.UnitTests", "tests\MLib3.Communication.MessageBroker.UnitTests\MLib3.Communication.MessageBroker.UnitTests.csproj", "{3A377B4D-BD60-4EE8-B34C-2E8A436E6E90}"
EndProject
Project("{FAE04EC0-301F-11D3-BF4B-00C04F79EFBC}") = "MLib3.Protocols.Measurements.Abstractions", "src\MLib3.Protocols.Measurements.Abstractions\MLib3.Protocols.Measurements.Abstractions.csproj", "{B648C8A7-155E-4005-8753-C770763606FA}"
EndProject
Project("{FAE04EC0-301F-11D3-BF4B-00C04F79EFBC}") = "MLib3.Protocols.Measurements", "src\MLib3.Protocols.Measurements\MLib3.Protocols.Measurements.csproj", "{8CB1DEAC-EAD2-454C-A65F-211A4511624A}"
EndProject
Project("{FAE04EC0-301F-11D3-BF4B-00C04F79EFBC}") = "MLib3.Protocols.Measurements.UnitTests", "tests\MLib3.Protocols.Measurements.UnitTests\MLib3.Protocols.Measurements.UnitTests.csproj", "{2FFB0BEE-C3C1-476B-B585-83F8E6CC6F71}"
EndProject
Project("{FAE04EC0-301F-11D3-BF4B-00C04F79EFBC}") = "MLib3.Protocols.Measurements.FluentMeasurements", "src\MLib3.Protocols.Measurements.FluentMeasurements\MLib3.Protocols.Measurements.FluentMeasurements.csproj", "{2458C833-D6A9-44BF-87AC-2D70B2CB158E}"
EndProject
Project("{FAE04EC0-301F-11D3-BF4B-00C04F79EFBC}") = "MLib3.Protocols.Measurements.FluentMeasurements.UnitTests", "tests\MLib3.Protocols.Measurements.FluentMeasurements.UnitTests\MLib3.Protocols.Measurements.FluentMeasurements.UnitTests.csproj", "{93DE2BD6-A060-4B83-9AE5-DD28BB8266AC}"
EndProject
Project("{FAE04EC0-301F-11D3-BF4B-00C04F79EFBC}") = "MLib3.Protocols.Measurements.FluentMeasurements.Abstractions", "src\MLib3.Protocols.Measurements.FluentMeasurements.Abstractions\MLib3.Protocols.Measurements.FluentMeasurements.Abstractions.csproj", "{60DC1700-F28A-420A-A7E7-FE86F0B3A359}"
EndProject
Project("{FAE04EC0-301F-11D3-BF4B-00C04F79EFBC}") = "MLib3.Localization", "src\MLib3.Localization\MLib3.Localization.csproj", "{6035EA21-9174-475E-8B68-8EEBD9E63AD7}"
EndProject
Project("{FAE04EC0-301F-11D3-BF4B-00C04F79EFBC}") = "MLib3.Localization.Abstractions", "src\MLib3.Localization.Abstractions\MLib3.Localization.Abstractions.csproj", "{8CBE7DE6-5A9D-467F-B265-BE1C2E6F8316}"
EndProject
Project("{FAE04EC0-301F-11D3-BF4B-00C04F79EFBC}") = "MLib3.Localization.UnitTests", "tests\MLib3.Localization.UnitTests\MLib3.Localization.UnitTests.csproj", "{1E5203CB-97DC-488B-B87F-769933948208}"
EndProject
Project("{FAE04EC0-301F-11D3-BF4B-00C04F79EFBC}") = "MLib3.MVVM", "src\MLib3.MVVM\MLib3.MVVM.csproj", "{CD138339-7ED2-4BB3-9EF8-C6BA6372DA84}"
EndProject
Project("{FAE04EC0-301F-11D3-BF4B-00C04F79EFBC}") = "MLib3.MVVM.Abstractions", "src\MLib3.MVVM.Abstractions\MLib3.MVVM.Abstractions.csproj", "{9269B11B-CF56-491A-AC0F-B25B04669A87}"
EndProject
Project("{FAE04EC0-301F-11D3-BF4B-00C04F79EFBC}") = "MLib3.FluentResults.Extensions.FluentAssertions", "src\MLib3.FluentResults.Extensions.FluentAssertions\MLib3.FluentResults.Extensions.FluentAssertions.csproj", "{70BEBE47-555C-42C5-BE26-C1233BC84731}"
EndProject
Project("{FAE04EC0-301F-11D3-BF4B-00C04F79EFBC}") = "MLib3.AspNetCore.DockerCompose", "src\MLib3.AspNetCore.DockerCompose\MLib3.AspNetCore.DockerCompose.csproj", "{2AD30C39-7E0F-4616-8A86-A27D97E4CE52}"
EndProject
Project("{FAE04EC0-301F-11D3-BF4B-00C04F79EFBC}") = "MLib3.MVVM.WPF.ViewLocators", "src\MLib3.MVVM.WPF.ViewLocators\MLib3.MVVM.WPF.ViewLocators.csproj", "{C1EFBEAB-F752-4B5C-A3A8-5555008D127C}"
EndProject
Project("{FAE04EC0-301F-11D3-BF4B-00C04F79EFBC}") = "MLib3.MVVM.SourceGenerators", "src\MLib3.MVVM.SourceGenerators\MLib3.MVVM.SourceGenerators.csproj", "{67AAD2A7-D615-4EC0-ACC7-3C7D43153621}"
EndProject
Project("{2150E333-8FDC-42A3-9474-1A3956D46DE8}") = "SourceGeneratorTargets", "SourceGeneratorTargets", "{8D9F8250-7EE5-4357-A822-7E97285F8AF9}"
EndProject
Project("{FAE04EC0-301F-11D3-BF4B-00C04F79EFBC}") = "MLib3.MVVM.SourceGenerators.Target", "tests\MLib3.MVVM.SourceGenerators.Target\MLib3.MVVM.SourceGenerators.Target.csproj", "{C3324595-EE74-446B-8397-D2071D669E46}"
EndProject
Global
	GlobalSection(SolutionConfigurationPlatforms) = preSolution
		Debug|Any CPU = Debug|Any CPU
		Release|Any CPU = Release|Any CPU
	EndGlobalSection
	GlobalSection(NestedProjects) = preSolution
		{FC79F919-ACE3-4D14-BEE4-2D95F6499915} = {DCE20467-1952-4C22-B2A4-4A1145AF5B89}
		{665A3031-0235-4974-A2EA-64B832317D78} = {DCE20467-1952-4C22-B2A4-4A1145AF5B89}
		{ACD2EBA1-6818-41FA-8FE1-4865D7559BB0} = {7D70D635-7644-447C-A7FB-58293833BB8C}
		{A2EF698A-20DE-4DC0-8C07-D5E261B031F9} = {DCE20467-1952-4C22-B2A4-4A1145AF5B89}
		{A0557931-2930-4E36-BC70-667BF7D7EB85} = {DCE20467-1952-4C22-B2A4-4A1145AF5B89}
		{3A377B4D-BD60-4EE8-B34C-2E8A436E6E90} = {7D70D635-7644-447C-A7FB-58293833BB8C}
		{B648C8A7-155E-4005-8753-C770763606FA} = {DCE20467-1952-4C22-B2A4-4A1145AF5B89}
		{8CB1DEAC-EAD2-454C-A65F-211A4511624A} = {DCE20467-1952-4C22-B2A4-4A1145AF5B89}
		{2FFB0BEE-C3C1-476B-B585-83F8E6CC6F71} = {7D70D635-7644-447C-A7FB-58293833BB8C}
		{2458C833-D6A9-44BF-87AC-2D70B2CB158E} = {DCE20467-1952-4C22-B2A4-4A1145AF5B89}
		{93DE2BD6-A060-4B83-9AE5-DD28BB8266AC} = {7D70D635-7644-447C-A7FB-58293833BB8C}
		{60DC1700-F28A-420A-A7E7-FE86F0B3A359} = {DCE20467-1952-4C22-B2A4-4A1145AF5B89}
		{6035EA21-9174-475E-8B68-8EEBD9E63AD7} = {DCE20467-1952-4C22-B2A4-4A1145AF5B89}
		{8CBE7DE6-5A9D-467F-B265-BE1C2E6F8316} = {DCE20467-1952-4C22-B2A4-4A1145AF5B89}
		{1E5203CB-97DC-488B-B87F-769933948208} = {7D70D635-7644-447C-A7FB-58293833BB8C}
		{CD138339-7ED2-4BB3-9EF8-C6BA6372DA84} = {DCE20467-1952-4C22-B2A4-4A1145AF5B89}
		{9269B11B-CF56-491A-AC0F-B25B04669A87} = {DCE20467-1952-4C22-B2A4-4A1145AF5B89}
		{70BEBE47-555C-42C5-BE26-C1233BC84731} = {DCE20467-1952-4C22-B2A4-4A1145AF5B89}
		{2AD30C39-7E0F-4616-8A86-A27D97E4CE52} = {DCE20467-1952-4C22-B2A4-4A1145AF5B89}
		{C1EFBEAB-F752-4B5C-A3A8-5555008D127C} = {DCE20467-1952-4C22-B2A4-4A1145AF5B89}
		{67AAD2A7-D615-4EC0-ACC7-3C7D43153621} = {DCE20467-1952-4C22-B2A4-4A1145AF5B89}
		{8D9F8250-7EE5-4357-A822-7E97285F8AF9} = {7D70D635-7644-447C-A7FB-58293833BB8C}
		{C3324595-EE74-446B-8397-D2071D669E46} = {8D9F8250-7EE5-4357-A822-7E97285F8AF9}
	EndGlobalSection
	GlobalSection(ProjectConfigurationPlatforms) = postSolution
		{FC79F919-ACE3-4D14-BEE4-2D95F6499915}.Debug|Any CPU.ActiveCfg = Debug|Any CPU
		{FC79F919-ACE3-4D14-BEE4-2D95F6499915}.Debug|Any CPU.Build.0 = Debug|Any CPU
		{FC79F919-ACE3-4D14-BEE4-2D95F6499915}.Release|Any CPU.ActiveCfg = Release|Any CPU
		{FC79F919-ACE3-4D14-BEE4-2D95F6499915}.Release|Any CPU.Build.0 = Release|Any CPU
		{665A3031-0235-4974-A2EA-64B832317D78}.Debug|Any CPU.ActiveCfg = Debug|Any CPU
		{665A3031-0235-4974-A2EA-64B832317D78}.Debug|Any CPU.Build.0 = Debug|Any CPU
		{665A3031-0235-4974-A2EA-64B832317D78}.Release|Any CPU.ActiveCfg = Release|Any CPU
		{665A3031-0235-4974-A2EA-64B832317D78}.Release|Any CPU.Build.0 = Release|Any CPU
		{ACD2EBA1-6818-41FA-8FE1-4865D7559BB0}.Debug|Any CPU.ActiveCfg = Debug|Any CPU
		{ACD2EBA1-6818-41FA-8FE1-4865D7559BB0}.Debug|Any CPU.Build.0 = Debug|Any CPU
		{ACD2EBA1-6818-41FA-8FE1-4865D7559BB0}.Release|Any CPU.ActiveCfg = Release|Any CPU
		{ACD2EBA1-6818-41FA-8FE1-4865D7559BB0}.Release|Any CPU.Build.0 = Release|Any CPU
		{A2EF698A-20DE-4DC0-8C07-D5E261B031F9}.Debug|Any CPU.ActiveCfg = Debug|Any CPU
		{A2EF698A-20DE-4DC0-8C07-D5E261B031F9}.Debug|Any CPU.Build.0 = Debug|Any CPU
		{A2EF698A-20DE-4DC0-8C07-D5E261B031F9}.Release|Any CPU.ActiveCfg = Release|Any CPU
		{A2EF698A-20DE-4DC0-8C07-D5E261B031F9}.Release|Any CPU.Build.0 = Release|Any CPU
		{A0557931-2930-4E36-BC70-667BF7D7EB85}.Debug|Any CPU.ActiveCfg = Debug|Any CPU
		{A0557931-2930-4E36-BC70-667BF7D7EB85}.Debug|Any CPU.Build.0 = Debug|Any CPU
		{A0557931-2930-4E36-BC70-667BF7D7EB85}.Release|Any CPU.ActiveCfg = Release|Any CPU
		{A0557931-2930-4E36-BC70-667BF7D7EB85}.Release|Any CPU.Build.0 = Release|Any CPU
		{3A377B4D-BD60-4EE8-B34C-2E8A436E6E90}.Debug|Any CPU.ActiveCfg = Debug|Any CPU
		{3A377B4D-BD60-4EE8-B34C-2E8A436E6E90}.Debug|Any CPU.Build.0 = Debug|Any CPU
		{3A377B4D-BD60-4EE8-B34C-2E8A436E6E90}.Release|Any CPU.ActiveCfg = Release|Any CPU
		{3A377B4D-BD60-4EE8-B34C-2E8A436E6E90}.Release|Any CPU.Build.0 = Release|Any CPU
		{B648C8A7-155E-4005-8753-C770763606FA}.Debug|Any CPU.ActiveCfg = Debug|Any CPU
		{B648C8A7-155E-4005-8753-C770763606FA}.Debug|Any CPU.Build.0 = Debug|Any CPU
		{B648C8A7-155E-4005-8753-C770763606FA}.Release|Any CPU.ActiveCfg = Release|Any CPU
		{B648C8A7-155E-4005-8753-C770763606FA}.Release|Any CPU.Build.0 = Release|Any CPU
		{8CB1DEAC-EAD2-454C-A65F-211A4511624A}.Debug|Any CPU.ActiveCfg = Debug|Any CPU
		{8CB1DEAC-EAD2-454C-A65F-211A4511624A}.Debug|Any CPU.Build.0 = Debug|Any CPU
		{8CB1DEAC-EAD2-454C-A65F-211A4511624A}.Release|Any CPU.ActiveCfg = Release|Any CPU
		{8CB1DEAC-EAD2-454C-A65F-211A4511624A}.Release|Any CPU.Build.0 = Release|Any CPU
		{2FFB0BEE-C3C1-476B-B585-83F8E6CC6F71}.Debug|Any CPU.ActiveCfg = Debug|Any CPU
		{2FFB0BEE-C3C1-476B-B585-83F8E6CC6F71}.Debug|Any CPU.Build.0 = Debug|Any CPU
		{2FFB0BEE-C3C1-476B-B585-83F8E6CC6F71}.Release|Any CPU.ActiveCfg = Release|Any CPU
		{2FFB0BEE-C3C1-476B-B585-83F8E6CC6F71}.Release|Any CPU.Build.0 = Release|Any CPU
		{2458C833-D6A9-44BF-87AC-2D70B2CB158E}.Debug|Any CPU.ActiveCfg = Debug|Any CPU
		{2458C833-D6A9-44BF-87AC-2D70B2CB158E}.Debug|Any CPU.Build.0 = Debug|Any CPU
		{2458C833-D6A9-44BF-87AC-2D70B2CB158E}.Release|Any CPU.ActiveCfg = Release|Any CPU
		{2458C833-D6A9-44BF-87AC-2D70B2CB158E}.Release|Any CPU.Build.0 = Release|Any CPU
		{93DE2BD6-A060-4B83-9AE5-DD28BB8266AC}.Debug|Any CPU.ActiveCfg = Debug|Any CPU
		{93DE2BD6-A060-4B83-9AE5-DD28BB8266AC}.Debug|Any CPU.Build.0 = Debug|Any CPU
		{93DE2BD6-A060-4B83-9AE5-DD28BB8266AC}.Release|Any CPU.ActiveCfg = Release|Any CPU
		{93DE2BD6-A060-4B83-9AE5-DD28BB8266AC}.Release|Any CPU.Build.0 = Release|Any CPU
		{60DC1700-F28A-420A-A7E7-FE86F0B3A359}.Debug|Any CPU.ActiveCfg = Debug|Any CPU
		{60DC1700-F28A-420A-A7E7-FE86F0B3A359}.Debug|Any CPU.Build.0 = Debug|Any CPU
		{60DC1700-F28A-420A-A7E7-FE86F0B3A359}.Release|Any CPU.ActiveCfg = Release|Any CPU
		{60DC1700-F28A-420A-A7E7-FE86F0B3A359}.Release|Any CPU.Build.0 = Release|Any CPU
		{6035EA21-9174-475E-8B68-8EEBD9E63AD7}.Debug|Any CPU.ActiveCfg = Debug|Any CPU
		{6035EA21-9174-475E-8B68-8EEBD9E63AD7}.Debug|Any CPU.Build.0 = Debug|Any CPU
		{6035EA21-9174-475E-8B68-8EEBD9E63AD7}.Release|Any CPU.ActiveCfg = Release|Any CPU
		{6035EA21-9174-475E-8B68-8EEBD9E63AD7}.Release|Any CPU.Build.0 = Release|Any CPU
		{8CBE7DE6-5A9D-467F-B265-BE1C2E6F8316}.Debug|Any CPU.ActiveCfg = Debug|Any CPU
		{8CBE7DE6-5A9D-467F-B265-BE1C2E6F8316}.Debug|Any CPU.Build.0 = Debug|Any CPU
		{8CBE7DE6-5A9D-467F-B265-BE1C2E6F8316}.Release|Any CPU.ActiveCfg = Release|Any CPU
		{8CBE7DE6-5A9D-467F-B265-BE1C2E6F8316}.Release|Any CPU.Build.0 = Release|Any CPU
		{1E5203CB-97DC-488B-B87F-769933948208}.Debug|Any CPU.ActiveCfg = Debug|Any CPU
		{1E5203CB-97DC-488B-B87F-769933948208}.Debug|Any CPU.Build.0 = Debug|Any CPU
		{1E5203CB-97DC-488B-B87F-769933948208}.Release|Any CPU.ActiveCfg = Release|Any CPU
		{1E5203CB-97DC-488B-B87F-769933948208}.Release|Any CPU.Build.0 = Release|Any CPU
		{CD138339-7ED2-4BB3-9EF8-C6BA6372DA84}.Debug|Any CPU.ActiveCfg = Debug|Any CPU
		{CD138339-7ED2-4BB3-9EF8-C6BA6372DA84}.Debug|Any CPU.Build.0 = Debug|Any CPU
		{CD138339-7ED2-4BB3-9EF8-C6BA6372DA84}.Release|Any CPU.ActiveCfg = Release|Any CPU
		{CD138339-7ED2-4BB3-9EF8-C6BA6372DA84}.Release|Any CPU.Build.0 = Release|Any CPU
		{9269B11B-CF56-491A-AC0F-B25B04669A87}.Debug|Any CPU.ActiveCfg = Debug|Any CPU
		{9269B11B-CF56-491A-AC0F-B25B04669A87}.Debug|Any CPU.Build.0 = Debug|Any CPU
		{9269B11B-CF56-491A-AC0F-B25B04669A87}.Release|Any CPU.ActiveCfg = Release|Any CPU
		{9269B11B-CF56-491A-AC0F-B25B04669A87}.Release|Any CPU.Build.0 = Release|Any CPU
		{70BEBE47-555C-42C5-BE26-C1233BC84731}.Debug|Any CPU.ActiveCfg = Debug|Any CPU
		{70BEBE47-555C-42C5-BE26-C1233BC84731}.Debug|Any CPU.Build.0 = Debug|Any CPU
		{70BEBE47-555C-42C5-BE26-C1233BC84731}.Release|Any CPU.ActiveCfg = Release|Any CPU
		{70BEBE47-555C-42C5-BE26-C1233BC84731}.Release|Any CPU.Build.0 = Release|Any CPU
		{2AD30C39-7E0F-4616-8A86-A27D97E4CE52}.Debug|Any CPU.ActiveCfg = Debug|Any CPU
		{2AD30C39-7E0F-4616-8A86-A27D97E4CE52}.Debug|Any CPU.Build.0 = Debug|Any CPU
		{2AD30C39-7E0F-4616-8A86-A27D97E4CE52}.Release|Any CPU.ActiveCfg = Release|Any CPU
		{2AD30C39-7E0F-4616-8A86-A27D97E4CE52}.Release|Any CPU.Build.0 = Release|Any CPU
		{C1EFBEAB-F752-4B5C-A3A8-5555008D127C}.Debug|Any CPU.ActiveCfg = Debug|Any CPU
		{C1EFBEAB-F752-4B5C-A3A8-5555008D127C}.Debug|Any CPU.Build.0 = Debug|Any CPU
		{C1EFBEAB-F752-4B5C-A3A8-5555008D127C}.Release|Any CPU.ActiveCfg = Release|Any CPU
		{C1EFBEAB-F752-4B5C-A3A8-5555008D127C}.Release|Any CPU.Build.0 = Release|Any CPU
		{67AAD2A7-D615-4EC0-ACC7-3C7D43153621}.Debug|Any CPU.ActiveCfg = Debug|Any CPU
		{67AAD2A7-D615-4EC0-ACC7-3C7D43153621}.Debug|Any CPU.Build.0 = Debug|Any CPU
		{67AAD2A7-D615-4EC0-ACC7-3C7D43153621}.Release|Any CPU.ActiveCfg = Release|Any CPU
		{67AAD2A7-D615-4EC0-ACC7-3C7D43153621}.Release|Any CPU.Build.0 = Release|Any CPU
		{C3324595-EE74-446B-8397-D2071D669E46}.Debug|Any CPU.ActiveCfg = Debug|Any CPU
		{C3324595-EE74-446B-8397-D2071D669E46}.Debug|Any CPU.Build.0 = Debug|Any CPU
		{C3324595-EE74-446B-8397-D2071D669E46}.Release|Any CPU.ActiveCfg = Release|Any CPU
		{C3324595-EE74-446B-8397-D2071D669E46}.Release|Any CPU.Build.0 = Release|Any CPU
	EndGlobalSection
EndGlobal
