
Microsoft Visual Studio Solution File, Format Version 12.00
Project("{2150E333-8FDC-42A3-9474-1A3956D46DE8}") = "src", "src", "{DCE20467-1952-4C22-B2A4-4A1145AF5B89}"
EndProject
Project("{2150E333-8FDC-42A3-9474-1A3956D46DE8}") = "tests", "tests", "{7D70D635-7644-447C-A7FB-58293833BB8C}"
EndProject
Project("{FAE04EC0-301F-11D3-BF4B-00C04F79EFBC}") = "MLib3.AspDotNet.ApiKeys.Abstractions", "src\MLib3.AspDotNet.ApiKeys.Abstractions\MLib3.AspDotNet.ApiKeys.Abstractions.csproj", "{FC79F919-ACE3-4D14-BEE4-2D95F6499915}"
EndProject
Project("{FAE04EC0-301F-11D3-BF4B-00C04F79EFBC}") = "MLib3.AspDotNet.ApiKeys", "src\MLib3.AspDotNet.ApiKeys\MLib3.AspDotNet.ApiKeys.csproj", "{665A3031-0235-4974-A2EA-64B832317D78}"
EndProject
Project("{FAE04EC0-301F-11D3-BF4B-00C04F79EFBC}") = "MLib3.AspDotNet.ApiKeys.UnitTests", "tests\MLib3.AspDotNet.ApiKeys.UnitTests\MLib3.AspDotNet.ApiKeys.UnitTests.csproj", "{ACD2EBA1-6818-41FA-8FE1-4865D7559BB0}"
EndProject
Project("{FAE04EC0-301F-11D3-BF4B-00C04F79EFBC}") = "MLib3.Communication.MessageBroker.Abstractions", "src\MLib3.Communication.MessageBroker.Abstractions\MLib3.Communication.MessageBroker.Abstractions.csproj", "{A2EF698A-20DE-4DC0-8C07-D5E261B031F9}"
EndProject
Project("{FAE04EC0-301F-11D3-BF4B-00C04F79EFBC}") = "MLib3.Communication.MessageBroker", "src\MLib3.Communication.MessageBroker\MLib3.Communication.MessageBroker.csproj", "{A0557931-2930-4E36-BC70-667BF7D7EB85}"
EndProject
Project("{FAE04EC0-301F-11D3-BF4B-00C04F79EFBC}") = "MLib3.Communication.MessageBroker.UnitTests", "tests\MLib3.Communication.MessageBroker.UnitTests\MLib3.Communication.MessageBroker.UnitTests.csproj", "{3A377B4D-BD60-4EE8-B34C-2E8A436E6E90}"
EndProject
Project("{FAE04EC0-301F-11D3-BF4B-00C04F79EFBC}") = "MLib3.Protocols.Measurements.UnitTests", "tests\MLib3.Protocols.Measurements.UnitTests\MLib3.Protocols.Measurements.UnitTests.csproj", "{2FFB0BEE-C3C1-476B-B585-83F8E6CC6F71}"
EndProject
Project("{FAE04EC0-301F-11D3-BF4B-00C04F79EFBC}") = "MLib3.Localization", "src\MLib3.Localization\MLib3.Localization.csproj", "{6035EA21-9174-475E-8B68-8EEBD9E63AD7}"
EndProject
Project("{FAE04EC0-301F-11D3-BF4B-00C04F79EFBC}") = "MLib3.Localization.Abstractions", "src\MLib3.Localization.Abstractions\MLib3.Localization.Abstractions.csproj", "{8CBE7DE6-5A9D-467F-B265-BE1C2E6F8316}"
EndProject
Project("{FAE04EC0-301F-11D3-BF4B-00C04F79EFBC}") = "MLib3.Localization.UnitTests", "tests\MLib3.Localization.UnitTests\MLib3.Localization.UnitTests.csproj", "{1E5203CB-97DC-488B-B87F-769933948208}"
EndProject
Project("{FAE04EC0-301F-11D3-BF4B-00C04F79EFBC}") = "MLib3.MVVM", "src\MLib3.MVVM\MLib3.MVVM.csproj", "{CD138339-7ED2-4BB3-9EF8-C6BA6372DA84}"
EndProject
Project("{FAE04EC0-301F-11D3-BF4B-00C04F79EFBC}") = "MLib3.MVVM.Abstractions", "src\MLib3.MVVM.Abstractions\MLib3.MVVM.Abstractions.csproj", "{9269B11B-CF56-491A-AC0F-B25B04669A87}"
EndProject
Project("{FAE04EC0-301F-11D3-BF4B-00C04F79EFBC}") = "MLib3.AspNetCore.DockerCompose", "src\MLib3.AspNetCore.DockerCompose\MLib3.AspNetCore.DockerCompose.csproj", "{2AD30C39-7E0F-4616-8A86-A27D97E4CE52}"
EndProject
Project("{FAE04EC0-301F-11D3-BF4B-00C04F79EFBC}") = "MLib3.MVVM.WPF.ViewLocators", "src\MLib3.MVVM.WPF.ViewLocators\MLib3.MVVM.WPF.ViewLocators.csproj", "{C1EFBEAB-F752-4B5C-A3A8-5555008D127C}"
EndProject
Project("{FAE04EC0-301F-11D3-BF4B-00C04F79EFBC}") = "MLib3.MVVM.SourceGenerators", "src\MLib3.MVVM.SourceGenerators\MLib3.MVVM.SourceGenerators.csproj", "{67AAD2A7-D615-4EC0-ACC7-3C7D43153621}"
EndProject
Project("{2150E333-8FDC-42A3-9474-1A3956D46DE8}") = "SourceGeneratorTargets", "SourceGeneratorTargets", "{8D9F8250-7EE5-4357-A822-7E97285F8AF9}"
EndProject
Project("{FAE04EC0-301F-11D3-BF4B-00C04F79EFBC}") = "MLib3.MVVM.SourceGenerators.Target", "tests\MLib3.MVVM.SourceGenerators.Target\MLib3.MVVM.SourceGenerators.Target.csproj", "{C3324595-EE74-446B-8397-D2071D669E46}"
EndProject
Project("{FAE04EC0-301F-11D3-BF4B-00C04F79EFBC}") = "MLib3.Protocols.Measurements.Serialization.Json", "src\MLib3.Protocols.Measurements.Serialization.Json\MLib3.Protocols.Measurements.Serialization.Json.csproj", "{E60A75E5-5207-45F4-896D-55FB5EB17EB6}"
EndProject
Project("{FAE04EC0-301F-11D3-BF4B-00C04F79EFBC}") = "MLib3.Protocols.Measurements.Serialization.Json.UnitTests", "tests\MLib3.Protocols.Measurements.Serialization.Json.UnitTests\MLib3.Protocols.Measurements.Serialization.Json.UnitTests.csproj", "{7914482C-D29B-470B-AFF9-F9234F54EA12}"
EndProject
Project("{FAE04EC0-301F-11D3-BF4B-00C04F79EFBC}") = "MLib3.Protocols.Measurements.Serialization.Xml", "src\MLib3.Protocols.Measurements.Serialization.Xml\MLib3.Protocols.Measurements.Serialization.Xml.csproj", "{132F3F1C-21DC-46A5-88C3-B3F290800C3D}"
EndProject
Project("{FAE04EC0-301F-11D3-BF4B-00C04F79EFBC}") = "MLib3.Protocols.Measurements.Serialization.Xml.UnitTests", "tests\MLib3.Protocols.Measurements.Serialization.Xml.UnitTests\MLib3.Protocols.Measurements.Serialization.Xml.UnitTests.csproj", "{C222B9C0-BA6D-4D8D-9256-E54CDD336FFC}"
EndProject
Project("{FAE04EC0-301F-11D3-BF4B-00C04F79EFBC}") = "MLib3.Protocols.Measurements.Serialization", "src\MLib3.Protocols.Measurements.Serialization\MLib3.Protocols.Measurements.Serialization.csproj", "{A336D40C-7745-4B0F-A6E1-72F95B05A152}"
EndProject
Project("{FAE04EC0-301F-11D3-BF4B-00C04F79EFBC}") = "MLib3.Protocols.Measurements.TestCore", "tests\MLib3.Protocols.Measurements.TestCore\MLib3.Protocols.Measurements.TestCore.csproj", "{B661C858-C6E1-443B-BC48-4A5D4F2098A3}"
EndProject
Project("{2150E333-8FDC-42A3-9474-1A3956D46DE8}") = "Solution Items", "Solution Items", "{420D6C44-C333-4024-91D0-25346CAF70DB}"
	ProjectSection(SolutionItems) = preProject
		README.md = README.md
	EndProjectSection
EndProject
Project("{FAE04EC0-301F-11D3-BF4B-00C04F79EFBC}") = "MLib3.Protocols.Measurements", "src\MLib3.Protocols.Measurements\MLib3.Protocols.Measurements.csproj", "{5C326D28-96BD-44F8-8BB2-45092D506EF3}"
EndProject
Project("{FAE04EC0-301F-11D3-BF4B-00C04F79EFBC}") = "MLib3.MVVM.Navigation", "src\MLib3.MVVM.Navigation\MLib3.MVVM.Navigation.csproj", "{E7A9FC3A-1400-49DE-81AA-92EC6D4610BD}"
EndProject
Project("{FAE04EC0-301F-11D3-BF4B-00C04F79EFBC}") = "MLib3.System", "src\MLib3.System\MLib3.System.csproj", "{0AB1C883-0DB3-4C67-8E1D-A3F6E33EFDD9}"
EndProject
Project("{FAE04EC0-301F-11D3-BF4B-00C04F79EFBC}") = "MLib3.System.UnitTests", "tests\MLib3.System.UnitTests\MLib3.System.UnitTests.csproj", "{E6DF3414-418F-4D46-B26B-0353A9E320CC}"
EndProject
Global
	GlobalSection(SolutionConfigurationPlatforms) = preSolution
		Debug|Any CPU = Debug|Any CPU
		Release|Any CPU = Release|Any CPU
	EndGlobalSection
	GlobalSection(NestedProjects) = preSolution
		{FC79F919-ACE3-4D14-BEE4-2D95F6499915} = {DCE20467-1952-4C22-B2A4-4A1145AF5B89}
		{665A3031-0235-4974-A2EA-64B832317D78} = {DCE20467-1952-4C22-B2A4-4A1145AF5B89}
		{ACD2EBA1-6818-41FA-8FE1-4865D7559BB0} = {7D70D635-7644-447C-A7FB-58293833BB8C}
		{A2EF698A-20DE-4DC0-8C07-D5E261B031F9} = {DCE20467-1952-4C22-B2A4-4A1145AF5B89}
		{A0557931-2930-4E36-BC70-667BF7D7EB85} = {DCE20467-1952-4C22-B2A4-4A1145AF5B89}
		{3A377B4D-BD60-4EE8-B34C-2E8A436E6E90} = {7D70D635-7644-447C-A7FB-58293833BB8C}
		{2FFB0BEE-C3C1-476B-B585-83F8E6CC6F71} = {7D70D635-7644-447C-A7FB-58293833BB8C}
		{6035EA21-9174-475E-8B68-8EEBD9E63AD7} = {DCE20467-1952-4C22-B2A4-4A1145AF5B89}
		{8CBE7DE6-5A9D-467F-B265-BE1C2E6F8316} = {DCE20467-1952-4C22-B2A4-4A1145AF5B89}
		{1E5203CB-97DC-488B-B87F-769933948208} = {7D70D635-7644-447C-A7FB-58293833BB8C}
		{CD138339-7ED2-4BB3-9EF8-C6BA6372DA84} = {DCE20467-1952-4C22-B2A4-4A1145AF5B89}
		{9269B11B-CF56-491A-AC0F-B25B04669A87} = {DCE20467-1952-4C22-B2A4-4A1145AF5B89}
		{2AD30C39-7E0F-4616-8A86-A27D97E4CE52} = {DCE20467-1952-4C22-B2A4-4A1145AF5B89}
		{C1EFBEAB-F752-4B5C-A3A8-5555008D127C} = {DCE20467-1952-4C22-B2A4-4A1145AF5B89}
		{67AAD2A7-D615-4EC0-ACC7-3C7D43153621} = {DCE20467-1952-4C22-B2A4-4A1145AF5B89}
		{8D9F8250-7EE5-4357-A822-7E97285F8AF9} = {7D70D635-7644-447C-A7FB-58293833BB8C}
		{C3324595-EE74-446B-8397-D2071D669E46} = {8D9F8250-7EE5-4357-A822-7E97285F8AF9}
		{E60A75E5-5207-45F4-896D-55FB5EB17EB6} = {DCE20467-1952-4C22-B2A4-4A1145AF5B89}
		{7914482C-D29B-470B-AFF9-F9234F54EA12} = {7D70D635-7644-447C-A7FB-58293833BB8C}
		{132F3F1C-21DC-46A5-88C3-B3F290800C3D} = {DCE20467-1952-4C22-B2A4-4A1145AF5B89}
		{C222B9C0-BA6D-4D8D-9256-E54CDD336FFC} = {7D70D635-7644-447C-A7FB-58293833BB8C}
		{A336D40C-7745-4B0F-A6E1-72F95B05A152} = {DCE20467-1952-4C22-B2A4-4A1145AF5B89}
		{B661C858-C6E1-443B-BC48-4A5D4F2098A3} = {7D70D635-7644-447C-A7FB-58293833BB8C}
		{5C326D28-96BD-44F8-8BB2-45092D506EF3} = {DCE20467-1952-4C22-B2A4-4A1145AF5B89}
		{E7A9FC3A-1400-49DE-81AA-92EC6D4610BD} = {DCE20467-1952-4C22-B2A4-4A1145AF5B89}
		{0AB1C883-0DB3-4C67-8E1D-A3F6E33EFDD9} = {DCE20467-1952-4C22-B2A4-4A1145AF5B89}
		{E6DF3414-418F-4D46-B26B-0353A9E320CC} = {7D70D635-7644-447C-A7FB-58293833BB8C}
	EndGlobalSection
	GlobalSection(ProjectConfigurationPlatforms) = postSolution
		{FC79F919-ACE3-4D14-BEE4-2D95F6499915}.Debug|Any CPU.ActiveCfg = Debug|Any CPU
		{FC79F919-ACE3-4D14-BEE4-2D95F6499915}.Debug|Any CPU.Build.0 = Debug|Any CPU
		{FC79F919-ACE3-4D14-BEE4-2D95F6499915}.Release|Any CPU.ActiveCfg = Release|Any CPU
		{FC79F919-ACE3-4D14-BEE4-2D95F6499915}.Release|Any CPU.Build.0 = Release|Any CPU
		{665A3031-0235-4974-A2EA-64B832317D78}.Debug|Any CPU.ActiveCfg = Debug|Any CPU
		{665A3031-0235-4974-A2EA-64B832317D78}.Debug|Any CPU.Build.0 = Debug|Any CPU
		{665A3031-0235-4974-A2EA-64B832317D78}.Release|Any CPU.ActiveCfg = Release|Any CPU
		{665A3031-0235-4974-A2EA-64B832317D78}.Release|Any CPU.Build.0 = Release|Any CPU
		{ACD2EBA1-6818-41FA-8FE1-4865D7559BB0}.Debug|Any CPU.ActiveCfg = Debug|Any CPU
		{ACD2EBA1-6818-41FA-8FE1-4865D7559BB0}.Debug|Any CPU.Build.0 = Debug|Any CPU
		{ACD2EBA1-6818-41FA-8FE1-4865D7559BB0}.Release|Any CPU.ActiveCfg = Release|Any CPU
		{ACD2EBA1-6818-41FA-8FE1-4865D7559BB0}.Release|Any CPU.Build.0 = Release|Any CPU
		{A2EF698A-20DE-4DC0-8C07-D5E261B031F9}.Debug|Any CPU.ActiveCfg = Debug|Any CPU
		{A2EF698A-20DE-4DC0-8C07-D5E261B031F9}.Debug|Any CPU.Build.0 = Debug|Any CPU
		{A2EF698A-20DE-4DC0-8C07-D5E261B031F9}.Release|Any CPU.ActiveCfg = Release|Any CPU
		{A2EF698A-20DE-4DC0-8C07-D5E261B031F9}.Release|Any CPU.Build.0 = Release|Any CPU
		{A0557931-2930-4E36-BC70-667BF7D7EB85}.Debug|Any CPU.ActiveCfg = Debug|Any CPU
		{A0557931-2930-4E36-BC70-667BF7D7EB85}.Debug|Any CPU.Build.0 = Debug|Any CPU
		{A0557931-2930-4E36-BC70-667BF7D7EB85}.Release|Any CPU.ActiveCfg = Release|Any CPU
		{A0557931-2930-4E36-BC70-667BF7D7EB85}.Release|Any CPU.Build.0 = Release|Any CPU
		{3A377B4D-BD60-4EE8-B34C-2E8A436E6E90}.Debug|Any CPU.ActiveCfg = Debug|Any CPU
		{3A377B4D-BD60-4EE8-B34C-2E8A436E6E90}.Debug|Any CPU.Build.0 = Debug|Any CPU
		{3A377B4D-BD60-4EE8-B34C-2E8A436E6E90}.Release|Any CPU.ActiveCfg = Release|Any CPU
		{3A377B4D-BD60-4EE8-B34C-2E8A436E6E90}.Release|Any CPU.Build.0 = Release|Any CPU
		{2FFB0BEE-C3C1-476B-B585-83F8E6CC6F71}.Debug|Any CPU.ActiveCfg = Debug|Any CPU
		{2FFB0BEE-C3C1-476B-B585-83F8E6CC6F71}.Debug|Any CPU.Build.0 = Debug|Any CPU
		{2FFB0BEE-C3C1-476B-B585-83F8E6CC6F71}.Release|Any CPU.ActiveCfg = Release|Any CPU
		{2FFB0BEE-C3C1-476B-B585-83F8E6CC6F71}.Release|Any CPU.Build.0 = Release|Any CPU
		{6035EA21-9174-475E-8B68-8EEBD9E63AD7}.Debug|Any CPU.ActiveCfg = Debug|Any CPU
		{6035EA21-9174-475E-8B68-8EEBD9E63AD7}.Debug|Any CPU.Build.0 = Debug|Any CPU
		{6035EA21-9174-475E-8B68-8EEBD9E63AD7}.Release|Any CPU.ActiveCfg = Release|Any CPU
		{6035EA21-9174-475E-8B68-8EEBD9E63AD7}.Release|Any CPU.Build.0 = Release|Any CPU
		{8CBE7DE6-5A9D-467F-B265-BE1C2E6F8316}.Debug|Any CPU.ActiveCfg = Debug|Any CPU
		{8CBE7DE6-5A9D-467F-B265-BE1C2E6F8316}.Debug|Any CPU.Build.0 = Debug|Any CPU
		{8CBE7DE6-5A9D-467F-B265-BE1C2E6F8316}.Release|Any CPU.ActiveCfg = Release|Any CPU
		{8CBE7DE6-5A9D-467F-B265-BE1C2E6F8316}.Release|Any CPU.Build.0 = Release|Any CPU
		{1E5203CB-97DC-488B-B87F-769933948208}.Debug|Any CPU.ActiveCfg = Debug|Any CPU
		{1E5203CB-97DC-488B-B87F-769933948208}.Debug|Any CPU.Build.0 = Debug|Any CPU
		{1E5203CB-97DC-488B-B87F-769933948208}.Release|Any CPU.ActiveCfg = Release|Any CPU
		{1E5203CB-97DC-488B-B87F-769933948208}.Release|Any CPU.Build.0 = Release|Any CPU
		{CD138339-7ED2-4BB3-9EF8-C6BA6372DA84}.Debug|Any CPU.ActiveCfg = Debug|Any CPU
		{CD138339-7ED2-4BB3-9EF8-C6BA6372DA84}.Debug|Any CPU.Build.0 = Debug|Any CPU
		{CD138339-7ED2-4BB3-9EF8-C6BA6372DA84}.Release|Any CPU.ActiveCfg = Release|Any CPU
		{CD138339-7ED2-4BB3-9EF8-C6BA6372DA84}.Release|Any CPU.Build.0 = Release|Any CPU
		{9269B11B-CF56-491A-AC0F-B25B04669A87}.Debug|Any CPU.ActiveCfg = Debug|Any CPU
		{9269B11B-CF56-491A-AC0F-B25B04669A87}.Debug|Any CPU.Build.0 = Debug|Any CPU
		{9269B11B-CF56-491A-AC0F-B25B04669A87}.Release|Any CPU.ActiveCfg = Release|Any CPU
		{9269B11B-CF56-491A-AC0F-B25B04669A87}.Release|Any CPU.Build.0 = Release|Any CPU
		{2AD30C39-7E0F-4616-8A86-A27D97E4CE52}.Debug|Any CPU.ActiveCfg = Debug|Any CPU
		{2AD30C39-7E0F-4616-8A86-A27D97E4CE52}.Debug|Any CPU.Build.0 = Debug|Any CPU
		{2AD30C39-7E0F-4616-8A86-A27D97E4CE52}.Release|Any CPU.ActiveCfg = Release|Any CPU
		{2AD30C39-7E0F-4616-8A86-A27D97E4CE52}.Release|Any CPU.Build.0 = Release|Any CPU
		{C1EFBEAB-F752-4B5C-A3A8-5555008D127C}.Debug|Any CPU.ActiveCfg = Debug|Any CPU
		{C1EFBEAB-F752-4B5C-A3A8-5555008D127C}.Debug|Any CPU.Build.0 = Debug|Any CPU
		{C1EFBEAB-F752-4B5C-A3A8-5555008D127C}.Release|Any CPU.ActiveCfg = Release|Any CPU
		{C1EFBEAB-F752-4B5C-A3A8-5555008D127C}.Release|Any CPU.Build.0 = Release|Any CPU
		{67AAD2A7-D615-4EC0-ACC7-3C7D43153621}.Debug|Any CPU.ActiveCfg = Debug|Any CPU
		{67AAD2A7-D615-4EC0-ACC7-3C7D43153621}.Debug|Any CPU.Build.0 = Debug|Any CPU
		{67AAD2A7-D615-4EC0-ACC7-3C7D43153621}.Release|Any CPU.ActiveCfg = Release|Any CPU
		{67AAD2A7-D615-4EC0-ACC7-3C7D43153621}.Release|Any CPU.Build.0 = Release|Any CPU
		{C3324595-EE74-446B-8397-D2071D669E46}.Debug|Any CPU.ActiveCfg = Debug|Any CPU
		{C3324595-EE74-446B-8397-D2071D669E46}.Debug|Any CPU.Build.0 = Debug|Any CPU
		{C3324595-EE74-446B-8397-D2071D669E46}.Release|Any CPU.ActiveCfg = Release|Any CPU
		{C3324595-EE74-446B-8397-D2071D669E46}.Release|Any CPU.Build.0 = Release|Any CPU
		{E60A75E5-5207-45F4-896D-55FB5EB17EB6}.Debug|Any CPU.ActiveCfg = Debug|Any CPU
		{E60A75E5-5207-45F4-896D-55FB5EB17EB6}.Debug|Any CPU.Build.0 = Debug|Any CPU
		{E60A75E5-5207-45F4-896D-55FB5EB17EB6}.Release|Any CPU.ActiveCfg = Release|Any CPU
		{E60A75E5-5207-45F4-896D-55FB5EB17EB6}.Release|Any CPU.Build.0 = Release|Any CPU
		{7914482C-D29B-470B-AFF9-F9234F54EA12}.Debug|Any CPU.ActiveCfg = Debug|Any CPU
		{7914482C-D29B-470B-AFF9-F9234F54EA12}.Debug|Any CPU.Build.0 = Debug|Any CPU
		{7914482C-D29B-470B-AFF9-F9234F54EA12}.Release|Any CPU.ActiveCfg = Release|Any CPU
		{7914482C-D29B-470B-AFF9-F9234F54EA12}.Release|Any CPU.Build.0 = Release|Any CPU
		{132F3F1C-21DC-46A5-88C3-B3F290800C3D}.Debug|Any CPU.ActiveCfg = Debug|Any CPU
		{132F3F1C-21DC-46A5-88C3-B3F290800C3D}.Debug|Any CPU.Build.0 = Debug|Any CPU
		{132F3F1C-21DC-46A5-88C3-B3F290800C3D}.Release|Any CPU.ActiveCfg = Release|Any CPU
		{132F3F1C-21DC-46A5-88C3-B3F290800C3D}.Release|Any CPU.Build.0 = Release|Any CPU
		{C222B9C0-BA6D-4D8D-9256-E54CDD336FFC}.Debug|Any CPU.ActiveCfg = Debug|Any CPU
		{C222B9C0-BA6D-4D8D-9256-E54CDD336FFC}.Debug|Any CPU.Build.0 = Debug|Any CPU
		{C222B9C0-BA6D-4D8D-9256-E54CDD336FFC}.Release|Any CPU.ActiveCfg = Release|Any CPU
		{C222B9C0-BA6D-4D8D-9256-E54CDD336FFC}.Release|Any CPU.Build.0 = Release|Any CPU
		{A336D40C-7745-4B0F-A6E1-72F95B05A152}.Debug|Any CPU.ActiveCfg = Debug|Any CPU
		{A336D40C-7745-4B0F-A6E1-72F95B05A152}.Debug|Any CPU.Build.0 = Debug|Any CPU
		{A336D40C-7745-4B0F-A6E1-72F95B05A152}.Release|Any CPU.ActiveCfg = Release|Any CPU
		{A336D40C-7745-4B0F-A6E1-72F95B05A152}.Release|Any CPU.Build.0 = Release|Any CPU
		{B661C858-C6E1-443B-BC48-4A5D4F2098A3}.Debug|Any CPU.ActiveCfg = Debug|Any CPU
		{B661C858-C6E1-443B-BC48-4A5D4F2098A3}.Debug|Any CPU.Build.0 = Debug|Any CPU
		{B661C858-C6E1-443B-BC48-4A5D4F2098A3}.Release|Any CPU.ActiveCfg = Release|Any CPU
		{B661C858-C6E1-443B-BC48-4A5D4F2098A3}.Release|Any CPU.Build.0 = Release|Any CPU
		{5C326D28-96BD-44F8-8BB2-45092D506EF3}.Debug|Any CPU.ActiveCfg = Debug|Any CPU
		{5C326D28-96BD-44F8-8BB2-45092D506EF3}.Debug|Any CPU.Build.0 = Debug|Any CPU
		{5C326D28-96BD-44F8-8BB2-45092D506EF3}.Release|Any CPU.ActiveCfg = Release|Any CPU
		{5C326D28-96BD-44F8-8BB2-45092D506EF3}.Release|Any CPU.Build.0 = Release|Any CPU
		{E7A9FC3A-1400-49DE-81AA-92EC6D4610BD}.Debug|Any CPU.ActiveCfg = Debug|Any CPU
		{E7A9FC3A-1400-49DE-81AA-92EC6D4610BD}.Debug|Any CPU.Build.0 = Debug|Any CPU
		{E7A9FC3A-1400-49DE-81AA-92EC6D4610BD}.Release|Any CPU.ActiveCfg = Release|Any CPU
		{E7A9FC3A-1400-49DE-81AA-92EC6D4610BD}.Release|Any CPU.Build.0 = Release|Any CPU
		{0AB1C883-0DB3-4C67-8E1D-A3F6E33EFDD9}.Debug|Any CPU.ActiveCfg = Debug|Any CPU
		{0AB1C883-0DB3-4C67-8E1D-A3F6E33EFDD9}.Debug|Any CPU.Build.0 = Debug|Any CPU
		{0AB1C883-0DB3-4C67-8E1D-A3F6E33EFDD9}.Release|Any CPU.ActiveCfg = Release|Any CPU
		{0AB1C883-0DB3-4C67-8E1D-A3F6E33EFDD9}.Release|Any CPU.Build.0 = Release|Any CPU
		{E6DF3414-418F-4D46-B26B-0353A9E320CC}.Debug|Any CPU.ActiveCfg = Debug|Any CPU
		{E6DF3414-418F-4D46-B26B-0353A9E320CC}.Debug|Any CPU.Build.0 = Debug|Any CPU
		{E6DF3414-418F-4D46-B26B-0353A9E320CC}.Release|Any CPU.ActiveCfg = Release|Any CPU
		{E6DF3414-418F-4D46-B26B-0353A9E320CC}.Release|Any CPU.Build.0 = Release|Any CPU
	EndGlobalSection
EndGlobal
